<?xml version="1.0" encoding="utf-8"?>
<Project ToolsVersion="4.0" xmlns="http://schemas.microsoft.com/developer/msbuild/2003">
  <ItemGroup>
    <Filter Include="Source Files">
      <UniqueIdentifier>{73219aad-cc92-461d-a954-d72b8c6ac48a}</UniqueIdentifier>
      <Extensions>cpp;c;cxx;rc;def;r;odl;idl;hpj;bat</Extensions>
    </Filter>
    <Filter Include="Header Files">
      <UniqueIdentifier>{ee160319-509c-4af8-9ffe-746d3d0b5e6d}</UniqueIdentifier>
      <Extensions>h;hpp;hxx;hm;inl</Extensions>
    </Filter>
    <Filter Include="Resource Files">
      <UniqueIdentifier>{d4e32270-c7dc-45a5-8477-d296c0aab0bd}</UniqueIdentifier>
      <Extensions>ico;cur;bmp;dlg;rc2;rct;bin;rgs;gif;jpg;jpeg;jpe</Extensions>
    </Filter>
  </ItemGroup>
  <ItemGroup>
    <ClCompile Include="ChildFrm.cpp">
      <Filter>Source Files</Filter>
    </ClCompile>
    <ClCompile Include="DlgColor.cpp">
      <Filter>Source Files</Filter>
    </ClCompile>
    <ClCompile Include="DlgEdgeSobelPrewitt.cpp">
      <Filter>Source Files</Filter>
    </ClCompile>
    <ClCompile Include="DlgFreqGaussBRF.cpp">
      <Filter>Source Files</Filter>
    </ClCompile>
    <ClCompile Include="DlgFreqGaussHPF.cpp">
      <Filter>Source Files</Filter>
    </ClCompile>
    <ClCompile Include="DlgFreqGaussLPF.cpp">
      <Filter>Source Files</Filter>
    </ClCompile>
    <ClCompile Include="DlgFreqIdealLPF.cpp">
      <Filter>Source Files</Filter>
    </ClCompile>
    <ClCompile Include="DlgGamma.cpp">
      <Filter>Source Files</Filter>
    </ClCompile>
    <ClCompile Include="DlgGeoRota.cpp">
      <Filter>Source Files</Filter>
    </ClCompile>
    <ClCompile Include="DlgGeoTran.cpp">
      <Filter>Source Files</Filter>
    </ClCompile>
    <ClCompile Include="DlgGeoZoom.cpp">
      <Filter>Source Files</Filter>
    </ClCompile>
    <ClCompile Include="DlgGrayScaling.cpp">
      <Filter>Source Files</Filter>
    </ClCompile>
    <ClCompile Include="DlgHist.cpp">
      <Filter>Source Files</Filter>
    </ClCompile>
    <ClCompile Include="DlgHough.cpp">
      <Filter>Source Files</Filter>
    </ClCompile>
    <ClCompile Include="DlgLinerPara.cpp">
      <Filter>Source Files</Filter>
    </ClCompile>
    <ClCompile Include="DlgLinTrans.cpp">
      <Filter>Source Files</Filter>
    </ClCompile>
    <ClCompile Include="DlgLog.cpp">
      <Filter>Source Files</Filter>
    </ClCompile>
    <ClCompile Include="DlgMidFilter.cpp">
      <Filter>Source Files</Filter>
    </ClCompile>
    <ClCompile Include="DlgMorph.cpp">
      <Filter>Source Files</Filter>
    </ClCompile>
    <ClCompile Include="DlgPointThre.cpp">
      <Filter>Source Files</Filter>
    </ClCompile>
    <ClCompile Include="DlgPointWin.cpp">
      <Filter>Source Files</Filter>
    </ClCompile>
    <ClCompile Include="DlgProjRestore.cpp">
      <Filter>Source Files</Filter>
    </ClCompile>
    <ClCompile Include="DlgSharpThre.cpp">
      <Filter>Source Files</Filter>
    </ClCompile>
    <ClCompile Include="DlgSmooth.cpp">
      <Filter>Source Files</Filter>
    </ClCompile>
    <ClCompile Include="DlgWndTran.cpp">
      <Filter>Source Files</Filter>
    </ClCompile>
    <ClCompile Include="Img.cpp">
      <Filter>Source Files</Filter>
    </ClCompile>
    <ClCompile Include="ImgProcess.cpp">
      <Filter>Source Files</Filter>
    </ClCompile>
    <ClCompile Include="MainFrm.cpp">
      <Filter>Source Files</Filter>
    </ClCompile>
    <ClCompile Include="StdAfx.cpp">
      <Filter>Source Files</Filter>
    </ClCompile>
    <ClCompile Include="Vector2D.cpp">
      <Filter>Source Files</Filter>
    </ClCompile>
    <ClCompile Include="DlgFreqHighGain.cpp">
      <Filter>Source Files</Filter>
    </ClCompile>
    <ClCompile Include="DlgGeoZoom2.cpp">
      <Filter>Source Files</Filter>
    </ClCompile>
    <ClCompile Include="DlgNoiseGauss.cpp">
      <Filter>Source Files</Filter>
    </ClCompile>
    <ClCompile Include="DlgNoiseSaltPepper.cpp">
      <Filter>Source Files</Filter>
    </ClCompile>
    <ClCompile Include="DlgNoiseExp.cpp">
      <Filter>Source Files</Filter>
    </ClCompile>
    <ClCompile Include="DlgNoiseUniform.cpp">
      <Filter>Source Files</Filter>
    </ClCompile>
    <ClCompile Include="DlgEdgeSimpthre.cpp">
      <Filter>Source Files</Filter>
    </ClCompile>
    <ClCompile Include="DlgFileInfoShow.cpp">
      <Filter>Source Files</Filter>
    </ClCompile>
    <ClCompile Include="DlgNoiseRayleigh.cpp">
      <Filter>Source Files</Filter>
    </ClCompile>
    <ClCompile Include="DlgNoiseGamma.cpp">
      <Filter>Source Files</Filter>
    </ClCompile>
    <ClCompile Include="DlgFreqButterworthLPF.cpp">
      <Filter>Source Files</Filter>
    </ClCompile>
    <ClCompile Include="DlgFreqButterworthHPF.cpp">
      <Filter>Source Files</Filter>
    </ClCompile>
    <ClCompile Include="DlgFreqExpHPF.cpp">
      <Filter>Source Files</Filter>
    </ClCompile>
    <ClCompile Include="DlgFreqExpLPF.cpp">
      <Filter>Source Files</Filter>
    </ClCompile>
    <ClCompile Include="DlgFreqIdealHPF.cpp">
      <Filter>Source Files</Filter>
    </ClCompile>
    <ClCompile Include="DIP.cpp">
      <Filter>Source Files</Filter>
    </ClCompile>
    <ClCompile Include="DIPDoc.cpp">
      <Filter>Source Files</Filter>
    </ClCompile>
    <ClCompile Include="DIPView.cpp">
      <Filter>Source Files</Filter>
    </ClCompile>
    <ClCompile Include="DlgMorphClose.cpp">
      <Filter>Source Files</Filter>
    </ClCompile>
    <ClCompile Include="DlgMorphDilation.cpp">
      <Filter>Source Files</Filter>
    </ClCompile>
    <ClCompile Include="DlgMorphErosion.cpp">
      <Filter>Source Files</Filter>
    </ClCompile>
    <ClCompile Include="DlgMorphOpen.cpp">
      <Filter>Source Files</Filter>
    </ClCompile>
    <ClCompile Include="DlgFreqInvHarmonicF.cpp">
      <Filter>Source Files</Filter>
    </ClCompile>
    <ClCompile Include="DlgFreqAlphaMeanF.cpp">
      <Filter>Source Files</Filter>
    </ClCompile>
    <ClCompile Include="DlgEnhaLpf5.cpp">
      <Filter>Source Files</Filter>
    </ClCompile>
    <ClCompile Include="DlgEnhaLpf3.cpp">
      <Filter>Source Files</Filter>
    </ClCompile>
    <ClCompile Include="DlgEnhaLpf1.cpp">
      <Filter>Source Files</Filter>
    </ClCompile>
    <ClCompile Include="DlgEnhaLpf4.cpp">
      <Filter>Source Files</Filter>
    </ClCompile>
    <ClCompile Include="DlgEnhaLpf6.cpp">
      <Filter>Source Files</Filter>
    </ClCompile>
    <ClCompile Include="DlgEnhaLpf7.cpp">
      <Filter>Source Files</Filter>
    </ClCompile>
    <ClCompile Include="DlgEnhaHpf1.cpp">
      <Filter>Source Files</Filter>
    </ClCompile>
    <ClCompile Include="DlgEnhaHpf2.cpp">
      <Filter>Source Files</Filter>
    </ClCompile>
    <ClCompile Include="DlgEnhaMaxF.cpp">
      <Filter>Source Files</Filter>
    </ClCompile>
    <ClCompile Include="DlgEnhaMediaF.cpp">
      <Filter>Source Files</Filter>
    </ClCompile>
    <ClCompile Include="DlgEnhaMidF.cpp">
      <Filter>Source Files</Filter>
    </ClCompile>
    <ClCompile Include="DlgEnhaMinF.cpp">
      <Filter>Source Files</Filter>
    </ClCompile>
    <ClCompile Include="DlgEnhaAdapativeMediaF.cpp">
      <Filter>Source Files</Filter>
    </ClCompile>
    <ClCompile Include="DlgEnhaEnhanceF.cpp">
      <Filter>Source Files</Filter>
    </ClCompile>
    <ClCompile Include="DlgEnhaLpf2.cpp">
      <Filter>Source Files</Filter>
    </ClCompile>
    <ClCompile Include="DlgEnhaGaussianF.cpp">
      <Filter>Source Files</Filter>
    </ClCompile>
    <ClCompile Include="DlgEnhaAdapativeSmooth.cpp">
      <Filter>Source Files</Filter>
    </ClCompile>
    <ClCompile Include="DlgRGBHist.cpp">
      <Filter>Source Files</Filter>
    </ClCompile>
    <ClCompile Include="DlgFreqLadderLPF.cpp">
      <Filter>Source Files</Filter>
    </ClCompile>
    <ClCompile Include="DlgFreqLadderHPF.cpp">
      <Filter>Source Files</Filter>
    </ClCompile>
  </ItemGroup>
  <ItemGroup>
    <ClInclude Include="ChildFrm.h">
      <Filter>Header Files</Filter>
    </ClInclude>
    <ClInclude Include="DlgColor.h">
      <Filter>Header Files</Filter>
    </ClInclude>
    <ClInclude Include="DlgEdgeSobelPrewitt.h">
      <Filter>Header Files</Filter>
    </ClInclude>
    <ClInclude Include="DlgFreqGaussBRF.h">
      <Filter>Header Files</Filter>
    </ClInclude>
    <ClInclude Include="DlgFreqGaussHPF.h">
      <Filter>Header Files</Filter>
    </ClInclude>
    <ClInclude Include="DlgFreqGaussLPF.h">
      <Filter>Header Files</Filter>
    </ClInclude>
    <ClInclude Include="DlgFreqIdealLPF.h">
      <Filter>Header Files</Filter>
    </ClInclude>
    <ClInclude Include="DlgGamma.h">
      <Filter>Header Files</Filter>
    </ClInclude>
    <ClInclude Include="DlgGeoRota.h">
      <Filter>Header Files</Filter>
    </ClInclude>
    <ClInclude Include="DlgGeoTran.h">
      <Filter>Header Files</Filter>
    </ClInclude>
    <ClInclude Include="DlgGeoZoom.h">
      <Filter>Header Files</Filter>
    </ClInclude>
    <ClInclude Include="DlgGrayScaling.h">
      <Filter>Header Files</Filter>
    </ClInclude>
    <ClInclude Include="DlgHist.h">
      <Filter>Header Files</Filter>
    </ClInclude>
    <ClInclude Include="DlgHough.h">
      <Filter>Header Files</Filter>
    </ClInclude>
    <ClInclude Include="DlgLinerPara.h">
      <Filter>Header Files</Filter>
    </ClInclude>
    <ClInclude Include="DlgLinTrans.h">
      <Filter>Header Files</Filter>
    </ClInclude>
    <ClInclude Include="DlgLog.h">
      <Filter>Header Files</Filter>
    </ClInclude>
    <ClInclude Include="DlgMidFilter.h">
      <Filter>Header Files</Filter>
    </ClInclude>
    <ClInclude Include="DlgMorph.h">
      <Filter>Header Files</Filter>
    </ClInclude>
    <ClInclude Include="DlgPointThre.h">
      <Filter>Header Files</Filter>
    </ClInclude>
    <ClInclude Include="DlgPointWin.h">
      <Filter>Header Files</Filter>
    </ClInclude>
    <ClInclude Include="DlgProjRestore.h">
      <Filter>Header Files</Filter>
    </ClInclude>
    <ClInclude Include="DlgSharpThre.h">
      <Filter>Header Files</Filter>
    </ClInclude>
    <ClInclude Include="DlgSmooth.h">
      <Filter>Header Files</Filter>
    </ClInclude>
    <ClInclude Include="DlgWndTran.h">
      <Filter>Header Files</Filter>
    </ClInclude>
    <ClInclude Include="Img.h">
      <Filter>Header Files</Filter>
    </ClInclude>
    <ClInclude Include="ImgProcess.h">
      <Filter>Header Files</Filter>
    </ClInclude>
    <ClInclude Include="MainFrm.h">
      <Filter>Header Files</Filter>
    </ClInclude>
    <ClInclude Include="Resource.h">
      <Filter>Header Files</Filter>
    </ClInclude>
    <ClInclude Include="StdAfx.h">
      <Filter>Header Files</Filter>
    </ClInclude>
    <ClInclude Include="Vector2D.h">
      <Filter>Header Files</Filter>
    </ClInclude>
    <ClInclude Include="DlgNoiseGauss.h">
      <Filter>Header Files</Filter>
    </ClInclude>
    <ClInclude Include="DlgFreqHighGain.h">
      <Filter>Header Files</Filter>
    </ClInclude>
    <ClInclude Include="DlgGeoZoom2.h">
      <Filter>Header Files</Filter>
    </ClInclude>
    <ClInclude Include="DlgNoiseSaltPepper.h">
      <Filter>Header Files</Filter>
    </ClInclude>
    <ClInclude Include="DlgNoiseGamma.h">
      <Filter>Header Files</Filter>
    </ClInclude>
    <ClInclude Include="DlgNoiseExp.h">
      <Filter>Header Files</Filter>
    </ClInclude>
    <ClInclude Include="DlgNoiseUniform.h">
      <Filter>Header Files</Filter>
    </ClInclude>
    <ClInclude Include="DlgNoiseRayleigh.h">
      <Filter>Header Files</Filter>
    </ClInclude>
    <ClInclude Include="DlgEdgeSimpthre.h">
      <Filter>Header Files</Filter>
    </ClInclude>
    <ClInclude Include="DlgFileInfoShow.h">
      <Filter>Header Files</Filter>
    </ClInclude>
    <ClInclude Include="DlgFreqButterworthLPF.h">
      <Filter>Header Files</Filter>
    </ClInclude>
    <ClInclude Include="DlgFreqButterworthHPF.h">
      <Filter>Header Files</Filter>
    </ClInclude>
    <ClInclude Include="DlgFreqExpHPF.h">
      <Filter>Header Files</Filter>
    </ClInclude>
    <ClInclude Include="DlgFreqExpLPF.h">
      <Filter>Header Files</Filter>
    </ClInclude>
    <ClInclude Include="DlgFreqIdealHPF.h">
      <Filter>Header Files</Filter>
    </ClInclude>
    <ClInclude Include="DIP.h">
      <Filter>Header Files</Filter>
    </ClInclude>
    <ClInclude Include="DIPDoc.h">
      <Filter>Header Files</Filter>
    </ClInclude>
    <ClInclude Include="DIPView.h">
      <Filter>Header Files</Filter>
    </ClInclude>
    <ClInclude Include="DlgMorphClose.h">
      <Filter>Header Files</Filter>
    </ClInclude>
    <ClInclude Include="DlgMorphDilation.h">
      <Filter>Header Files</Filter>
    </ClInclude>
    <ClInclude Include="DlgMorphErosion.h">
      <Filter>Header Files</Filter>
    </ClInclude>
    <ClInclude Include="DlgMorphOpen.h">
      <Filter>Header Files</Filter>
    </ClInclude>
    <ClInclude Include="DlgFreqInvHarmonicF.h">
      <Filter>Header Files</Filter>
    </ClInclude>
    <ClInclude Include="DlgFreqAlphaMeanF.h">
      <Filter>Header Files</Filter>
    </ClInclude>
    <ClInclude Include="DlgEnhaLpf5.h">
      <Filter>Header Files</Filter>
    </ClInclude>
    <ClInclude Include="DlgEnhaLpf4.h">
      <Filter>Header Files</Filter>
    </ClInclude>
    <ClInclude Include="DlgEnhaLpf3.h">
      <Filter>Header Files</Filter>
    </ClInclude>
    <ClInclude Include="DlgEnhaLpf1.h">
      <Filter>Header Files</Filter>
    </ClInclude>
    <ClInclude Include="DlgEnhaLpf6.h">
      <Filter>Header Files</Filter>
    </ClInclude>
    <ClInclude Include="DlgEnhaLpf7.h">
      <Filter>Header Files</Filter>
    </ClInclude>
    <ClInclude Include="DlgEnhaHpf1.h">
      <Filter>Header Files</Filter>
    </ClInclude>
    <ClInclude Include="DlgEnhaHpf2.h">
      <Filter>Header Files</Filter>
    </ClInclude>
    <ClInclude Include="DlgEnhaMidF.h">
      <Filter>Header Files</Filter>
    </ClInclude>
    <ClInclude Include="DlgEnhaMinF.h">
      <Filter>Header Files</Filter>
    </ClInclude>
    <ClInclude Include="DlgEnhaMaxF.h">
      <Filter>Header Files</Filter>
    </ClInclude>
    <ClInclude Include="DlgEnhaMediaF.h">
      <Filter>Header Files</Filter>
    </ClInclude>
    <ClInclude Include="DlgEnhaAdapativeMediaF.h">
      <Filter>Header Files</Filter>
    </ClInclude>
    <ClInclude Include="DlgEnhaEnhanceF.h">
      <Filter>Header Files</Filter>
    </ClInclude>
    <ClInclude Include="DlgEnhaLpf2.h">
      <Filter>Header Files</Filter>
    </ClInclude>
    <ClInclude Include="DlgEnhaGaussianF.h">
      <Filter>Header Files</Filter>
    </ClInclude>
    <ClInclude Include="DlgEnhaAdapativeSmooth.h">
      <Filter>Header Files</Filter>
    </ClInclude>
    <ClInclude Include="DlgRGBHist.h">
      <Filter>Header Files</Filter>
    </ClInclude>
    <ClInclude Include="DlgFreqLadderLPF.h">
      <Filter>Header Files</Filter>
    </ClInclude>
    <ClInclude Include="DlgFreqLadderHPF.h">
      <Filter>Header Files</Filter>
    </ClInclude>
  </ItemGroup>
  <ItemGroup>
    <Image Include="res\DIP.ico">
      <Filter>Resource Files</Filter>
    </Image>
  </ItemGroup>
  <ItemGroup>
    <ResourceCompile Include="DIP.rc">
      <Filter>Resource Files</Filter>
    </ResourceCompile>
  </ItemGroup>
  <ItemGroup>
    <CustomBuild Include="res\DIP.rc2">
      <Filter>Resource Files</Filter>
    </CustomBuild>
  </ItemGroup>
</Project>